
Microsoft Visual Studio Solution File, Format Version 12.00
# Visual Studio Version 16
VisualStudioVersion = 16.0.33130.400
MinimumVisualStudioVersion = 10.0.40219.1
Project("{FAE04EC0-301F-11D3-BF4B-00C04F79EFBC}") = "Kitsune", "Kitsune\Kitsune.csproj", "{090B830A-40A3-4C9E-8E91-32FCB1E380AB}"
EndProject
Global
	GlobalSection(SolutionConfigurationPlatforms) = preSolution
		Debug|Any CPU = Debug|Any CPU
		Release|Any CPU = Release|Any CPU
	EndGlobalSection
	GlobalSection(ProjectConfigurationPlatforms) = postSolution
		{090B830A-40A3-4C9E-8E91-32FCB1E380AB}.Debug|Any CPU.ActiveCfg = Debug|Any CPU
		{090B830A-40A3-4C9E-8E91-32FCB1E380AB}.Debug|Any CPU.Build.0 = Debug|Any CPU
		{090B830A-40A3-4C9E-8E91-32FCB1E380AB}.Release|Any CPU.ActiveCfg = Release|Any CPU
		{090B830A-40A3-4C9E-8E91-32FCB1E380AB}.Release|Any CPU.Build.0 = Release|Any CPU
	EndGlobalSection
	GlobalSection(SolutionProperties) = preSolution
		HideSolutionNode = FALSE
	EndGlobalSection
	GlobalSection(ExtensibilityGlobals) = postSolution
		SolutionGuid = {BBCAE137-3EF5-4723-9F0B-FA9D9609EB70}
	EndGlobalSection
EndGlobal
